// !$*UTF8*$!
{
	archiveVersion = 1;
	classes = {
	};
	objectVersion = 50;
	objects = {

/* Begin PBXBuildFile section */
		DEE5A4F426B6CBDE00267BBB /* AppDelegate.swift in Sources */ = {isa = PBXBuildFile; fileRef = DEE5A4F326B6CBDE00267BBB /* AppDelegate.swift */; };
		DEE5A4F626B6CBDE00267BBB /* SceneDelegate.swift in Sources */ = {isa = PBXBuildFile; fileRef = DEE5A4F526B6CBDE00267BBB /* SceneDelegate.swift */; };
		DEE5A4F826B6CBDE00267BBB /* ContentView.swift in Sources */ = {isa = PBXBuildFile; fileRef = DEE5A4F726B6CBDE00267BBB /* ContentView.swift */; };
		DEE5A4FA26B6CBDF00267BBB /* Assets.xcassets in Resources */ = {isa = PBXBuildFile; fileRef = DEE5A4F926B6CBDF00267BBB /* Assets.xcassets */; };
		DEE5A4FD26B6CBDF00267BBB /* Preview Assets.xcassets in Resources */ = {isa = PBXBuildFile; fileRef = DEE5A4FC26B6CBDF00267BBB /* Preview Assets.xcassets */; };
		DEE5A50026B6CBDF00267BBB /* LaunchScreen.storyboard in Resources */ = {isa = PBXBuildFile; fileRef = DEE5A4FE26B6CBDF00267BBB /* LaunchScreen.storyboard */; };
/* End PBXBuildFile section */

/* Begin PBXFileReference section */
		DEE5A4F026B6CBDE00267BBB /* tstingUI.app */ = {isa = PBXFileReference; explicitFileType = wrapper.application; includeInIndex = 0; path = tstingUI.app; sourceTree = BUILT_PRODUCTS_DIR; };
		DEE5A4F326B6CBDE00267BBB /* AppDelegate.swift */ = {isa = PBXFileReference; lastKnownFileType = sourcecode.swift; path = AppDelegate.swift; sourceTree = "<group>"; };
		DEE5A4F526B6CBDE00267BBB /* SceneDelegate.swift */ = {isa = PBXFileReference; lastKnownFileType = sourcecode.swift; path = SceneDelegate.swift; sourceTree = "<group>"; };
		DEE5A4F726B6CBDE00267BBB /* ContentView.swift */ = {isa = PBXFileReference; lastKnownFileType = sourcecode.swift; path = ContentView.swift; sourceTree = "<group>"; };
		DEE5A4F926B6CBDF00267BBB /* Assets.xcassets */ = {isa = PBXFileReference; lastKnownFileType = folder.assetcatalog; path = Assets.xcassets; sourceTree = "<group>"; };
		DEE5A4FC26B6CBDF00267BBB /* Preview Assets.xcassets */ = {isa = PBXFileReference; lastKnownFileType = folder.assetcatalog; path = "Preview Assets.xcassets"; sourceTree = "<group>"; };
		DEE5A4FF26B6CBDF00267BBB /* Base */ = {isa = PBXFileReference; lastKnownFileType = file.storyboard; name = Base; path = Base.lproj/LaunchScreen.storyboard; sourceTree = "<group>"; };
		DEE5A50126B6CBDF00267BBB /* Info.plist */ = {isa = PBXFileReference; lastKnownFileType = text.plist.xml; path = Info.plist; sourceTree = "<group>"; };
/* End PBXFileReference section */

/* Begin PBXFrameworksBuildPhase section */
		DEE5A4ED26B6CBDE00267BBB /* Frameworks */ = {
			isa = PBXFrameworksBuildPhase;
			buildActionMask = 2147483647;
			files = (
			);
			runOnlyForDeploymentPostprocessing = 0;
		};
/* End PBXFrameworksBuildPhase section */

/* Begin PBXGroup section */
		DEE5A4E726B6CBDE00267BBB = {
			isa = PBXGroup;
			children = (
				DEE5A4F226B6CBDE00267BBB /* tstingUI */,
				DEE5A4F126B6CBDE00267BBB /* Products */,
			);
			sourceTree = "<group>";
		};
		DEE5A4F126B6CBDE00267BBB /* Products */ = {
			isa = PBXGroup;
			children = (
				DEE5A4F026B6CBDE00267BBB /* tstingUI.app */,
			);
			name = Products;
			sourceTree = "<group>";
		};
		DEE5A4F226B6CBDE00267BBB /* tstingUI */ = {
			isa = PBXGroup;
			children = (
				DEE5A4F326B6CBDE00267BBB /* AppDelegate.swift */,
				DEE5A4F526B6CBDE00267BBB /* SceneDelegate.swift */,
				DEE5A4F726B6CBDE00267BBB /* ContentView.swift */,
				DEE5A4F926B6CBDF00267BBB /* Assets.xcassets */,
				DEE5A4FE26B6CBDF00267BBB /* LaunchScreen.storyboard */,
				DEE5A50126B6CBDF00267BBB /* Info.plist */,
				DEE5A4FB26B6CBDF00267BBB /* Preview Content */,
			);
			path = tstingUI;
			sourceTree = "<group>";
		};
		DEE5A4FB26B6CBDF00267BBB /* Preview Content */ = {
			isa = PBXGroup;
			children = (
				DEE5A4FC26B6CBDF00267BBB /* Preview Assets.xcassets */,
			);
			path = "Preview Content";
			sourceTree = "<group>";
		};
/* End PBXGroup section */

/* Begin PBXNativeTarget section */
		DEE5A4EF26B6CBDE00267BBB /* tstingUI */ = {
			isa = PBXNativeTarget;
			buildConfigurationList = DEE5A50426B6CBDF00267BBB /* Build configuration list for PBXNativeTarget "tstingUI" */;
			buildPhases = (
				DEE5A4EC26B6CBDE00267BBB /* Sources */,
				DEE5A4ED26B6CBDE00267BBB /* Frameworks */,
				DEE5A4EE26B6CBDE00267BBB /* Resources */,
			);
			buildRules = (
			);
			dependencies = (
			);
			name = tstingUI;
			productName = tstingUI;
			productReference = DEE5A4F026B6CBDE00267BBB /* tstingUI.app */;
			productType = "com.apple.product-type.application";
		};
/* End PBXNativeTarget section */

/* Begin PBXProject section */
		DEE5A4E826B6CBDE00267BBB /* Project object */ = {
			isa = PBXProject;
			attributes = {
				LastSwiftUpdateCheck = 1130;
				LastUpgradeCheck = 1130;
				ORGANIZATIONNAME = "Romilda Voltigore";
				TargetAttributes = {
					DEE5A4EF26B6CBDE00267BBB = {
						CreatedOnToolsVersion = 11.3.1;
					};
				};
			};
			buildConfigurationList = DEE5A4EB26B6CBDE00267BBB /* Build configuration list for PBXProject "tstingUI" */;
			compatibilityVersion = "Xcode 9.3";
			developmentRegion = en;
			hasScannedForEncodings = 0;
			knownRegions = (
				en,
				Base,
			);
			mainGroup = DEE5A4E726B6CBDE00267BBB;
			productRefGroup = DEE5A4F126B6CBDE00267BBB /* Products */;
			projectDirPath = "";
			projectRoot = "";
			targets = (
				DEE5A4EF26B6CBDE00267BBB /* tstingUI */,
			);
		};
/* End PBXProject section */

/* Begin PBXResourcesBuildPhase section */
		DEE5A4EE26B6CBDE00267BBB /* Resources */ = {
			isa = PBXResourcesBuildPhase;
			buildActionMask = 2147483647;
			files = (
				DEE5A50026B6CBDF00267BBB /* LaunchScreen.storyboard in Resources */,
				DEE5A4FD26B6CBDF00267BBB /* Preview Assets.xcassets in Resources */,
				DEE5A4FA26B6CBDF00267BBB /* Assets.xcassets in Resources */,
			);
			runOnlyForDeploymentPostprocessing = 0;
		};
/* End PBXResourcesBuildPhase section */

/* Begin PBXSourcesBuildPhase section */
		DEE5A4EC26B6CBDE00267BBB /* Sources */ = {
			isa = PBXSourcesBuildPhase;
			buildActionMask = 2147483647;
			files = (
				DEE5A4F426B6CBDE00267BBB /* AppDelegate.swift in Sources */,
				DEE5A4F626B6CBDE00267BBB /* SceneDelegate.swift in Sources */,
				DEE5A4F826B6CBDE00267BBB /* ContentView.swift in Sources */,
			);
			runOnlyForDeploymentPostprocessing = 0;
		};
/* End PBXSourcesBuildPhase section */

/* Begin PBXVariantGroup section */
		DEE5A4FE26B6CBDF00267BBB /* LaunchScreen.storyboard */ = {
			isa = PBXVariantGroup;
			children = (
				DEE5A4FF26B6CBDF00267BBB /* Base */,
			);
			name = LaunchScreen.storyboard;
			sourceTree = "<group>";
		};
/* End PBXVariantGroup section */

/* Begin XCBuildConfiguration section */
		DEE5A50226B6CBDF00267BBB /* Debug */ = {
			isa = XCBuildConfiguration;
			buildSettings = {
				ALWAYS_SEARCH_USER_PATHS = NO;
				CLANG_ANALYZER_NONNULL = YES;
				CLANG_ANALYZER_NUMBER_OBJECT_CONVERSION = YES_AGGRESSIVE;
				CLANG_CXX_LANGUAGE_STANDARD = "gnu++14";
				CLANG_CXX_LIBRARY = "libc++";
				CLANG_ENABLE_MODULES = YES;
				CLANG_ENABLE_OBJC_ARC = YES;
				CLANG_ENABLE_OBJC_WEAK = YES;
				CLANG_WARN_BLOCK_CAPTURE_AUTORELEASING = YES;
				CLANG_WARN_BOOL_CONVERSION = YES;
				CLANG_WARN_COMMA = YES;
				CLANG_WARN_CONSTANT_CONVERSION = YES;
				CLANG_WARN_DEPRECATED_OBJC_IMPLEMENTATIONS = YES;
				CLANG_WARN_DIRECT_OBJC_ISA_USAGE = YES_ERROR;
				CLANG_WARN_DOCUMENTATION_COMMENTS = YES;
				CLANG_WARN_EMPTY_BODY = YES;
				CLANG_WARN_ENUM_CONVERSION = YES;
				CLANG_WARN_INFINITE_RECURSION = YES;
				CLANG_WARN_INT_CONVERSION = YES;
				CLANG_WARN_NON_LITERAL_NULL_CONVERSION = YES;
				CLANG_WARN_OBJC_IMPLICIT_RETAIN_SELF = YES;
				CLANG_WARN_OBJC_LITERAL_CONVERSION = YES;
				CLANG_WARN_OBJC_ROOT_CLASS = YES_ERROR;
				CLANG_WARN_RANGE_LOOP_ANALYSIS = YES;
				CLANG_WARN_STRICT_PROTOTYPES = YES;
				CLANG_WARN_SUSPICIOUS_MOVE = YES;
				CLANG_WARN_UNGUARDED_AVAILABILITY = YES_AGGRESSIVE;
				CLANG_WARN_UNREACHABLE_CODE = YES;
				CLANG_WARN__DUPLICATE_METHOD_MATCH = YES;
				COPY_PHASE_STRIP = NO;
				DEBUG_INFORMATION_FORMAT = dwarf;
				ENABLE_STRICT_OBJC_MSGSEND = YES;
				ENABLE_TESTABILITY = YES;
				GCC_C_LANGUAGE_STANDARD = gnu11;
				GCC_DYNAMIC_NO_PIC = NO;
				GCC_NO_COMMON_BLOCKS = YES;
				GCC_OPTIMIZATION_LEVEL = 0;
				GCC_PREPROCESSOR_DEFINITIONS = (
					"DEBUG=1",
					"$(inherited)",
				);
				GCC_WARN_64_TO_32_BIT_CONVERSION = YES;
				GCC_WARN_ABOUT_RETURN_TYPE = YES_ERROR;
				GCC_WARN_UNDECLARED_SELECTOR = YES;
				GCC_WARN_UNINITIALIZED_AUTOS = YES_AGGRESSIVE;
				GCC_WARN_UNUSED_FUNCTION = YES;
				GCC_WARN_UNUSED_VARIABLE = YES;
				IPHONEOS_DEPLOYMENT_TARGET = 13.2;
				MTL_ENABLE_DEBUG_INFO = INCLUDE_SOURCE;
				MTL_FAST_MATH = YES;
				ONLY_ACTIVE_ARCH = YES;
				SDKROOT = iphoneos;
				SWIFT_ACTIVE_COMPILATION_CONDITIONS = DEBUG;
				SWIFT_OPTIMIZATION_LEVEL = "-Onone";
			};
			name = Debug;
		};
		DEE5A50326B6CBDF00267BBB /* Release */ = {
			isa = XCBuildConfiguration;
			buildSettings = {
				ALWAYS_SEARCH_USER_PATHS = NO;
				CLANG_ANALYZER_NONNULL = YES;
				CLANG_ANALYZER_NUMBER_OBJECT_CONVERSION = YES_AGGRESSIVE;
				CLANG_CXX_LANGUAGE_STANDARD = "gnu++14";
				CLANG_CXX_LIBRARY = "libc++";
				CLANG_ENABLE_MODULES = YES;
				CLANG_ENABLE_OBJC_ARC = YES;
				CLANG_ENABLE_OBJC_WEAK = YES;
				CLANG_WARN_BLOCK_CAPTURE_AUTORELEASING = YES;
				CLANG_WARN_BOOL_CONVERSION = YES;
				CLANG_WARN_COMMA = YES;
				CLANG_WARN_CONSTANT_CONVERSION = YES;
				CLANG_WARN_DEPRECATED_OBJC_IMPLEMENTATIONS = YES;
				CLANG_WARN_DIRECT_OBJC_ISA_USAGE = YES_ERROR;
				CLANG_WARN_DOCUMENTATION_COMMENTS = YES;
				CLANG_WARN_EMPTY_BODY = YES;
				CLANG_WARN_ENUM_CONVERSION = YES;
				CLANG_WARN_INFINITE_RECURSION = YES;
				CLANG_WARN_INT_CONVERSION = YES;
				CLANG_WARN_NON_LITERAL_NULL_CONVERSION = YES;
				CLANG_WARN_OBJC_IMPLICIT_RETAIN_SELF = YES;
				CLANG_WARN_OBJC_LITERAL_CONVERSION = YES;
				CLANG_WARN_OBJC_ROOT_CLASS = YES_ERROR;
				CLANG_WARN_RANGE_LOOP_ANALYSIS = YES;
				CLANG_WARN_STRICT_PROTOTYPES = YES;
				CLANG_WARN_SUSPICIOUS_MOVE = YES;
				CLANG_WARN_UNGUARDED_AVAILABILITY = YES_AGGRESSIVE;
				CLANG_WARN_UNREACHABLE_CODE = YES;
				CLANG_WARN__DUPLICATE_METHOD_MATCH = YES;
				COPY_PHASE_STRIP = NO;
				DEBUG_INFORMATION_FORMAT = "dwarf-with-dsym";
				ENABLE_NS_ASSERTIONS = NO;
				ENABLE_STRICT_OBJC_MSGSEND = YES;
				GCC_C_LANGUAGE_STANDARD = gnu11;
				GCC_NO_COMMON_BLOCKS = YES;
				GCC_WARN_64_TO_32_BIT_CONVERSION = YES;
				GCC_WARN_ABOUT_RETURN_TYPE = YES_ERROR;
				GCC_WARN_UNDECLARED_SELECTOR = YES;
				GCC_WARN_UNINITIALIZED_AUTOS = YES_AGGRESSIVE;
				GCC_WARN_UNUSED_FUNCTION = YES;
				GCC_WARN_UNUSED_VARIABLE = YES;
				IPHONEOS_DEPLOYMENT_TARGET = 13.2;
				MTL_ENABLE_DEBUG_INFO = NO;
				MTL_FAST_MATH = YES;
				SDKROOT = iphoneos;
				SWIFT_COMPILATION_MODE = wholemodule;
				SWIFT_OPTIMIZATION_LEVEL = "-O";
				VALIDATE_PRODUCT = YES;
			};
			name = Release;
		};
		DEE5A50526B6CBDF00267BBB /* Debug */ = {
			isa = XCBuildConfiguration;
			buildSettings = {
				ASSETCATALOG_COMPILER_APPICON_NAME = AppIcon;
				CODE_SIGN_STYLE = Automatic;
				DEVELOPMENT_ASSET_PATHS = "\"tstingUI/Preview Content\"";
				ENABLE_PREVIEWS = YES;
				INFOPLIST_FILE = tstingUI/Info.plist;
				LD_RUNPATH_SEARCH_PATHS = (
					"$(inherited)",
					"@executable_path/Frameworks",
				);
				PRODUCT_BUNDLE_IDENTIFIER = rvoltigo.tstingUI;
				PRODUCT_NAME = "$(TARGET_NAME)";
				SWIFT_VERSION = 5.0;
				TARGETED_DEVICE_FAMILY = "1,2";
			};
			name = Debug;
		};
		DEE5A50626B6CBDF00267BBB /* Release */ = {
			isa = XCBuildConfiguration;
			buildSettings = {
				ASSETCATALOG_COMPILER_APPICON_NAME = AppIcon;
				CODE_SIGN_STYLE = Automatic;
				DEVELOPMENT_ASSET_PATHS = "\"tstingUI/Preview Content\"";
				ENABLE_PREVIEWS = YES;
				INFOPLIST_FILE = tstingUI/Info.plist;
				LD_RUNPATH_SEARCH_PATHS = (
					"$(inherited)",
					"@executable_path/Frameworks",
				);
				PRODUCT_BUNDLE_IDENTIFIER = rvoltigo.tstingUI;
				PRODUCT_NAME = "$(TARGET_NAME)";
				SWIFT_VERSION = 5.0;
				TARGETED_DEVICE_FAMILY = "1,2";
			};
			name = Release;
		};
/* End XCBuildConfiguration section */

/* Begin XCConfigurationList section */
		DEE5A4EB26B6CBDE00267BBB /* Build configuration list for PBXProject "tstingUI" */ = {
			isa = XCConfigurationList;
			buildConfigurations = (
				DEE5A50226B6CBDF00267BBB /* Debug */,
				DEE5A50326B6CBDF00267BBB /* Release */,
			);
			defaultConfigurationIsVisible = 0;
			defaultConfigurationName = Release;
		};
		DEE5A50426B6CBDF00267BBB /* Build configuration list for PBXNativeTarget "tstingUI" */ = {
			isa = XCConfigurationList;
			buildConfigurations = (
				DEE5A50526B6CBDF00267BBB /* Debug */,
				DEE5A50626B6CBDF00267BBB /* Release */,
			);
			defaultConfigurationIsVisible = 0;
			defaultConfigurationName = Release;
		};
/* End XCConfigurationList section */
	};
	rootObject = DEE5A4E826B6CBDE00267BBB /* Project object */;
}
